
Microsoft Visual Studio Solution File, Format Version 12.00
# Visual Studio Version 16
VisualStudioVersion = 16.0.28803.202
MinimumVisualStudioVersion = 10.0.40219.1
Project("{2150E333-8FDC-42A3-9474-1A3956D46DE8}") = "NewFolder1", "NewFolder1", "{A7AC78E2-298C-406C-90A1-B10517781387}"
	ProjectSection(SolutionItems) = preProject
		..\basic_template.c = ..\basic_template.c
	EndProjectSection
EndProject
Project("{8BC9CEB8-8B4A-11D0-8D11-00A0C91BC942}") = "11-1_2", "11-2\11-2.vcxproj", "{DB0E9B50-0FFF-41B2-A05E-C204E4C91E58}"
EndProject
Project("{8BC9CEB8-8B4A-11D0-8D11-00A0C91BC942}") = "11-2_1", "11-2_1\11-2_1.vcxproj", "{BFC87705-6FE8-4A82-A214-E4D776A2A6B2}"
EndProject
Project("{8BC9CEB8-8B4A-11D0-8D11-00A0C91BC942}") = "11-2_2", "11-2_3\11-2_3.vcxproj", "{32ACA4D5-70A5-4AA2-8FE7-FA6A946780DC}"
EndProject
Project("{8BC9CEB8-8B4A-11D0-8D11-00A0C91BC942}") = "11-2_3", "11-2__3\11-2__3.vcxproj", "{B0ACC1EC-85A2-4C5B-80A1-BDC7EA369C09}"
EndProject
Project("{8BC9CEB8-8B4A-11D0-8D11-00A0C91BC942}") = "11-1_1", "11-1_1_1\11-1_1_1.vcxproj", "{F9BFAE64-C251-4949-B97E-4790CEF5DD45}"
EndProject
Project("{2150E333-8FDC-42A3-9474-1A3956D46DE8}") = "160 array", "160 array", "{D30E19E4-BD0F-46C0-9059-A5FF09C5AF0B}"
EndProject
Project("{2150E333-8FDC-42A3-9474-1A3956D46DE8}") = "299 point", "299 point", "{BA5916F9-60C7-4B9C-8FCB-7B8CCF0F943E}"
EndProject
Project("{8BC9CEB8-8B4A-11D0-8D11-00A0C91BC942}") = "299 q1", "q1\q1.vcxproj", "{5E731F8F-83C8-480C-A968-AFEE423D1806}"
EndProject
Project("{8BC9CEB8-8B4A-11D0-8D11-00A0C91BC942}") = "299 q2", "299 q2\299 q2.vcxproj", "{130EE221-61B0-480C-8340-8706B17F4C10}"
EndProject
Project("{8BC9CEB8-8B4A-11D0-8D11-00A0C91BC942}") = "299 q3", "299 q3\299 q3.vcxproj", "{BE9793D8-2EAE-4C62-B907-909091EB11CB}"
EndProject
Project("{8BC9CEB8-8B4A-11D0-8D11-00A0C91BC942}") = "299 q4", "299 q4\299 q4.vcxproj", "{1924436C-6900-44B1-8638-1123F025C021}"
EndProject
Project("{2150E333-8FDC-42A3-9474-1A3956D46DE8}") = "328 도전문제", "328 도전문제", "{655E2A47-218C-45CE-9555-129FB7428578}"
EndProject
Project("{8BC9CEB8-8B4A-11D0-8D11-00A0C91BC942}") = "도전1", "도전1\도전1.vcxproj", "{180D0FE3-C4FA-408A-A119-E1A4CEDDE68E}"
EndProject
Project("{8BC9CEB8-8B4A-11D0-8D11-00A0C91BC942}") = "도전3", "도전3\도전3.vcxproj", "{09E02D92-6CA4-48F5-B3E2-6D9D4E937830}"
EndProject
Project("{8BC9CEB8-8B4A-11D0-8D11-00A0C91BC942}") = "도전4", "도전4\도전4.vcxproj", "{AA780463-ABB6-4172-B61E-AE0C89C17C2F}"
EndProject
Project("{8BC9CEB8-8B4A-11D0-8D11-00A0C91BC942}") = "도전5", "도전5\도전5.vcxproj", "{D4F4E78F-BA9F-4860-8C34-1CDEA00693F1}"
EndProject
Project("{2150E333-8FDC-42A3-9474-1A3956D46DE8}") = "406 도전문제", "406 도전문제", "{51461980-26BE-4294-8810-D0951688AC72}"
EndProject
Project("{8BC9CEB8-8B4A-11D0-8D11-00A0C91BC942}") = "도전1", "406 도전문제\도전1\도전1.vcxproj", "{F7132998-86E6-4504-BCD7-3513C36772E5}"
EndProject
Project("{8BC9CEB8-8B4A-11D0-8D11-00A0C91BC942}") = "도전2", "406 도전문제\도전2\도전2.vcxproj", "{F6BA4BE2-5951-4D76-9E8C-1009E64CF9C3}"
EndProject
Project("{8BC9CEB8-8B4A-11D0-8D11-00A0C91BC942}") = "도전4", "406 도전문제\도전4\도전4.vcxproj", "{73F5F3C6-6FB1-4245-B8C7-EA124A0BAD57}"
EndProject
Project("{8BC9CEB8-8B4A-11D0-8D11-00A0C91BC942}") = "도전5", "406 도전문제\도전5\도전5.vcxproj", "{00AF7156-F420-43A5-BFAF-17435DF5962A}"
EndProject
Project("{8BC9CEB8-8B4A-11D0-8D11-00A0C91BC942}") = "도전3번", "406 도전문제\도전3번\도전3번.vcxproj", "{4E705EAF-F813-4DBE-A258-F2B2FB3FC042}"
EndProject
Project("{8BC9CEB8-8B4A-11D0-8D11-00A0C91BC942}") = "도전2 수정", "406 도전문제\도전2 수정\도전2 수정.vcxproj", "{2EB55F3A-4142-4D7B-959D-FD6CE2C20E65}"
EndProject
Project("{8BC9CEB8-8B4A-11D0-8D11-00A0C91BC942}") = "도전6", "406 도전문제\도전6\도전6.vcxproj", "{99601E34-60FC-4C14-B6A5-6D19515B91C1}"
EndProject
Project("{8BC9CEB8-8B4A-11D0-8D11-00A0C91BC942}") = "도전5 수정", "406 도전문제\도전6 수정\도전6 수정.vcxproj", "{1CFAD71D-0934-48C2-BCF6-18B06EEF016B}"
EndProject
Project("{2150E333-8FDC-42A3-9474-1A3956D46DE8}") = "문자열 변환", "문자열 변환", "{92DE46DD-748F-49C3-AF36-3D827C65915E}"
EndProject
Project("{8BC9CEB8-8B4A-11D0-8D11-00A0C91BC942}") = "1_strcmp", "문자열변환\1_strcmp\1_strcmp.vcxproj", "{36A7670A-9E0B-42CB-8C3E-F18EACB35564}"
EndProject
Global
	GlobalSection(SolutionConfigurationPlatforms) = preSolution
		Debug|x64 = Debug|x64
		Debug|x86 = Debug|x86
		Release|x64 = Release|x64
		Release|x86 = Release|x86
	EndGlobalSection
	GlobalSection(ProjectConfigurationPlatforms) = postSolution
		{DB0E9B50-0FFF-41B2-A05E-C204E4C91E58}.Debug|x64.ActiveCfg = Debug|x64
		{DB0E9B50-0FFF-41B2-A05E-C204E4C91E58}.Debug|x64.Build.0 = Debug|x64
		{DB0E9B50-0FFF-41B2-A05E-C204E4C91E58}.Debug|x86.ActiveCfg = Debug|Win32
		{DB0E9B50-0FFF-41B2-A05E-C204E4C91E58}.Debug|x86.Build.0 = Debug|Win32
		{DB0E9B50-0FFF-41B2-A05E-C204E4C91E58}.Release|x64.ActiveCfg = Release|x64
		{DB0E9B50-0FFF-41B2-A05E-C204E4C91E58}.Release|x64.Build.0 = Release|x64
		{DB0E9B50-0FFF-41B2-A05E-C204E4C91E58}.Release|x86.ActiveCfg = Release|Win32
		{DB0E9B50-0FFF-41B2-A05E-C204E4C91E58}.Release|x86.Build.0 = Release|Win32
		{BFC87705-6FE8-4A82-A214-E4D776A2A6B2}.Debug|x64.ActiveCfg = Debug|x64
		{BFC87705-6FE8-4A82-A214-E4D776A2A6B2}.Debug|x64.Build.0 = Debug|x64
		{BFC87705-6FE8-4A82-A214-E4D776A2A6B2}.Debug|x86.ActiveCfg = Debug|Win32
		{BFC87705-6FE8-4A82-A214-E4D776A2A6B2}.Debug|x86.Build.0 = Debug|Win32
		{BFC87705-6FE8-4A82-A214-E4D776A2A6B2}.Release|x64.ActiveCfg = Release|x64
		{BFC87705-6FE8-4A82-A214-E4D776A2A6B2}.Release|x64.Build.0 = Release|x64
		{BFC87705-6FE8-4A82-A214-E4D776A2A6B2}.Release|x86.ActiveCfg = Release|Win32
		{BFC87705-6FE8-4A82-A214-E4D776A2A6B2}.Release|x86.Build.0 = Release|Win32
		{32ACA4D5-70A5-4AA2-8FE7-FA6A946780DC}.Debug|x64.ActiveCfg = Debug|x64
		{32ACA4D5-70A5-4AA2-8FE7-FA6A946780DC}.Debug|x64.Build.0 = Debug|x64
		{32ACA4D5-70A5-4AA2-8FE7-FA6A946780DC}.Debug|x86.ActiveCfg = Debug|Win32
		{32ACA4D5-70A5-4AA2-8FE7-FA6A946780DC}.Debug|x86.Build.0 = Debug|Win32
		{32ACA4D5-70A5-4AA2-8FE7-FA6A946780DC}.Release|x64.ActiveCfg = Release|x64
		{32ACA4D5-70A5-4AA2-8FE7-FA6A946780DC}.Release|x64.Build.0 = Release|x64
		{32ACA4D5-70A5-4AA2-8FE7-FA6A946780DC}.Release|x86.ActiveCfg = Release|Win32
		{32ACA4D5-70A5-4AA2-8FE7-FA6A946780DC}.Release|x86.Build.0 = Release|Win32
		{B0ACC1EC-85A2-4C5B-80A1-BDC7EA369C09}.Debug|x64.ActiveCfg = Debug|x64
		{B0ACC1EC-85A2-4C5B-80A1-BDC7EA369C09}.Debug|x64.Build.0 = Debug|x64
		{B0ACC1EC-85A2-4C5B-80A1-BDC7EA369C09}.Debug|x86.ActiveCfg = Debug|Win32
		{B0ACC1EC-85A2-4C5B-80A1-BDC7EA369C09}.Debug|x86.Build.0 = Debug|Win32
		{B0ACC1EC-85A2-4C5B-80A1-BDC7EA369C09}.Release|x64.ActiveCfg = Release|x64
		{B0ACC1EC-85A2-4C5B-80A1-BDC7EA369C09}.Release|x64.Build.0 = Release|x64
		{B0ACC1EC-85A2-4C5B-80A1-BDC7EA369C09}.Release|x86.ActiveCfg = Release|Win32
		{B0ACC1EC-85A2-4C5B-80A1-BDC7EA369C09}.Release|x86.Build.0 = Release|Win32
		{F9BFAE64-C251-4949-B97E-4790CEF5DD45}.Debug|x64.ActiveCfg = Debug|x64
		{F9BFAE64-C251-4949-B97E-4790CEF5DD45}.Debug|x64.Build.0 = Debug|x64
		{F9BFAE64-C251-4949-B97E-4790CEF5DD45}.Debug|x86.ActiveCfg = Debug|Win32
		{F9BFAE64-C251-4949-B97E-4790CEF5DD45}.Debug|x86.Build.0 = Debug|Win32
		{F9BFAE64-C251-4949-B97E-4790CEF5DD45}.Release|x64.ActiveCfg = Release|x64
		{F9BFAE64-C251-4949-B97E-4790CEF5DD45}.Release|x64.Build.0 = Release|x64
		{F9BFAE64-C251-4949-B97E-4790CEF5DD45}.Release|x86.ActiveCfg = Release|Win32
		{F9BFAE64-C251-4949-B97E-4790CEF5DD45}.Release|x86.Build.0 = Release|Win32
		{5E731F8F-83C8-480C-A968-AFEE423D1806}.Debug|x64.ActiveCfg = Debug|x64
		{5E731F8F-83C8-480C-A968-AFEE423D1806}.Debug|x64.Build.0 = Debug|x64
		{5E731F8F-83C8-480C-A968-AFEE423D1806}.Debug|x86.ActiveCfg = Debug|Win32
		{5E731F8F-83C8-480C-A968-AFEE423D1806}.Debug|x86.Build.0 = Debug|Win32
		{5E731F8F-83C8-480C-A968-AFEE423D1806}.Release|x64.ActiveCfg = Release|x64
		{5E731F8F-83C8-480C-A968-AFEE423D1806}.Release|x64.Build.0 = Release|x64
		{5E731F8F-83C8-480C-A968-AFEE423D1806}.Release|x86.ActiveCfg = Release|Win32
		{5E731F8F-83C8-480C-A968-AFEE423D1806}.Release|x86.Build.0 = Release|Win32
		{130EE221-61B0-480C-8340-8706B17F4C10}.Debug|x64.ActiveCfg = Debug|x64
		{130EE221-61B0-480C-8340-8706B17F4C10}.Debug|x64.Build.0 = Debug|x64
		{130EE221-61B0-480C-8340-8706B17F4C10}.Debug|x86.ActiveCfg = Debug|Win32
		{130EE221-61B0-480C-8340-8706B17F4C10}.Debug|x86.Build.0 = Debug|Win32
		{130EE221-61B0-480C-8340-8706B17F4C10}.Release|x64.ActiveCfg = Release|x64
		{130EE221-61B0-480C-8340-8706B17F4C10}.Release|x64.Build.0 = Release|x64
		{130EE221-61B0-480C-8340-8706B17F4C10}.Release|x86.ActiveCfg = Release|Win32
		{130EE221-61B0-480C-8340-8706B17F4C10}.Release|x86.Build.0 = Release|Win32
		{BE9793D8-2EAE-4C62-B907-909091EB11CB}.Debug|x64.ActiveCfg = Debug|x64
		{BE9793D8-2EAE-4C62-B907-909091EB11CB}.Debug|x64.Build.0 = Debug|x64
		{BE9793D8-2EAE-4C62-B907-909091EB11CB}.Debug|x86.ActiveCfg = Debug|Win32
		{BE9793D8-2EAE-4C62-B907-909091EB11CB}.Debug|x86.Build.0 = Debug|Win32
		{BE9793D8-2EAE-4C62-B907-909091EB11CB}.Release|x64.ActiveCfg = Release|x64
		{BE9793D8-2EAE-4C62-B907-909091EB11CB}.Release|x64.Build.0 = Release|x64
		{BE9793D8-2EAE-4C62-B907-909091EB11CB}.Release|x86.ActiveCfg = Release|Win32
		{BE9793D8-2EAE-4C62-B907-909091EB11CB}.Release|x86.Build.0 = Release|Win32
		{1924436C-6900-44B1-8638-1123F025C021}.Debug|x64.ActiveCfg = Debug|x64
		{1924436C-6900-44B1-8638-1123F025C021}.Debug|x64.Build.0 = Debug|x64
		{1924436C-6900-44B1-8638-1123F025C021}.Debug|x86.ActiveCfg = Debug|Win32
		{1924436C-6900-44B1-8638-1123F025C021}.Debug|x86.Build.0 = Debug|Win32
		{1924436C-6900-44B1-8638-1123F025C021}.Release|x64.ActiveCfg = Release|x64
		{1924436C-6900-44B1-8638-1123F025C021}.Release|x64.Build.0 = Release|x64
		{1924436C-6900-44B1-8638-1123F025C021}.Release|x86.ActiveCfg = Release|Win32
		{1924436C-6900-44B1-8638-1123F025C021}.Release|x86.Build.0 = Release|Win32
		{180D0FE3-C4FA-408A-A119-E1A4CEDDE68E}.Debug|x64.ActiveCfg = Debug|x64
		{180D0FE3-C4FA-408A-A119-E1A4CEDDE68E}.Debug|x64.Build.0 = Debug|x64
		{180D0FE3-C4FA-408A-A119-E1A4CEDDE68E}.Debug|x86.ActiveCfg = Debug|Win32
		{180D0FE3-C4FA-408A-A119-E1A4CEDDE68E}.Debug|x86.Build.0 = Debug|Win32
		{180D0FE3-C4FA-408A-A119-E1A4CEDDE68E}.Release|x64.ActiveCfg = Release|x64
		{180D0FE3-C4FA-408A-A119-E1A4CEDDE68E}.Release|x64.Build.0 = Release|x64
		{180D0FE3-C4FA-408A-A119-E1A4CEDDE68E}.Release|x86.ActiveCfg = Release|Win32
		{180D0FE3-C4FA-408A-A119-E1A4CEDDE68E}.Release|x86.Build.0 = Release|Win32
		{09E02D92-6CA4-48F5-B3E2-6D9D4E937830}.Debug|x64.ActiveCfg = Debug|x64
		{09E02D92-6CA4-48F5-B3E2-6D9D4E937830}.Debug|x64.Build.0 = Debug|x64
		{09E02D92-6CA4-48F5-B3E2-6D9D4E937830}.Debug|x86.ActiveCfg = Debug|Win32
		{09E02D92-6CA4-48F5-B3E2-6D9D4E937830}.Debug|x86.Build.0 = Debug|Win32
		{09E02D92-6CA4-48F5-B3E2-6D9D4E937830}.Release|x64.ActiveCfg = Release|x64
		{09E02D92-6CA4-48F5-B3E2-6D9D4E937830}.Release|x64.Build.0 = Release|x64
		{09E02D92-6CA4-48F5-B3E2-6D9D4E937830}.Release|x86.ActiveCfg = Release|Win32
		{09E02D92-6CA4-48F5-B3E2-6D9D4E937830}.Release|x86.Build.0 = Release|Win32
		{AA780463-ABB6-4172-B61E-AE0C89C17C2F}.Debug|x64.ActiveCfg = Debug|x64
		{AA780463-ABB6-4172-B61E-AE0C89C17C2F}.Debug|x64.Build.0 = Debug|x64
		{AA780463-ABB6-4172-B61E-AE0C89C17C2F}.Debug|x86.ActiveCfg = Debug|Win32
		{AA780463-ABB6-4172-B61E-AE0C89C17C2F}.Debug|x86.Build.0 = Debug|Win32
		{AA780463-ABB6-4172-B61E-AE0C89C17C2F}.Release|x64.ActiveCfg = Release|x64
		{AA780463-ABB6-4172-B61E-AE0C89C17C2F}.Release|x64.Build.0 = Release|x64
		{AA780463-ABB6-4172-B61E-AE0C89C17C2F}.Release|x86.ActiveCfg = Release|Win32
		{AA780463-ABB6-4172-B61E-AE0C89C17C2F}.Release|x86.Build.0 = Release|Win32
		{D4F4E78F-BA9F-4860-8C34-1CDEA00693F1}.Debug|x64.ActiveCfg = Debug|x64
		{D4F4E78F-BA9F-4860-8C34-1CDEA00693F1}.Debug|x64.Build.0 = Debug|x64
		{D4F4E78F-BA9F-4860-8C34-1CDEA00693F1}.Debug|x86.ActiveCfg = Debug|Win32
		{D4F4E78F-BA9F-4860-8C34-1CDEA00693F1}.Debug|x86.Build.0 = Debug|Win32
		{D4F4E78F-BA9F-4860-8C34-1CDEA00693F1}.Release|x64.ActiveCfg = Release|x64
		{D4F4E78F-BA9F-4860-8C34-1CDEA00693F1}.Release|x64.Build.0 = Release|x64
		{D4F4E78F-BA9F-4860-8C34-1CDEA00693F1}.Release|x86.ActiveCfg = Release|Win32
		{D4F4E78F-BA9F-4860-8C34-1CDEA00693F1}.Release|x86.Build.0 = Release|Win32
		{F7132998-86E6-4504-BCD7-3513C36772E5}.Debug|x64.ActiveCfg = Debug|x64
		{F7132998-86E6-4504-BCD7-3513C36772E5}.Debug|x64.Build.0 = Debug|x64
		{F7132998-86E6-4504-BCD7-3513C36772E5}.Debug|x86.ActiveCfg = Debug|Win32
		{F7132998-86E6-4504-BCD7-3513C36772E5}.Debug|x86.Build.0 = Debug|Win32
		{F7132998-86E6-4504-BCD7-3513C36772E5}.Release|x64.ActiveCfg = Release|x64
		{F7132998-86E6-4504-BCD7-3513C36772E5}.Release|x64.Build.0 = Release|x64
		{F7132998-86E6-4504-BCD7-3513C36772E5}.Release|x86.ActiveCfg = Release|Win32
		{F7132998-86E6-4504-BCD7-3513C36772E5}.Release|x86.Build.0 = Release|Win32
		{F6BA4BE2-5951-4D76-9E8C-1009E64CF9C3}.Debug|x64.ActiveCfg = Debug|x64
		{F6BA4BE2-5951-4D76-9E8C-1009E64CF9C3}.Debug|x64.Build.0 = Debug|x64
		{F6BA4BE2-5951-4D76-9E8C-1009E64CF9C3}.Debug|x86.ActiveCfg = Debug|Win32
		{F6BA4BE2-5951-4D76-9E8C-1009E64CF9C3}.Debug|x86.Build.0 = Debug|Win32
		{F6BA4BE2-5951-4D76-9E8C-1009E64CF9C3}.Release|x64.ActiveCfg = Release|x64
		{F6BA4BE2-5951-4D76-9E8C-1009E64CF9C3}.Release|x64.Build.0 = Release|x64
		{F6BA4BE2-5951-4D76-9E8C-1009E64CF9C3}.Release|x86.ActiveCfg = Release|Win32
		{F6BA4BE2-5951-4D76-9E8C-1009E64CF9C3}.Release|x86.Build.0 = Release|Win32
		{73F5F3C6-6FB1-4245-B8C7-EA124A0BAD57}.Debug|x64.ActiveCfg = Debug|x64
		{73F5F3C6-6FB1-4245-B8C7-EA124A0BAD57}.Debug|x64.Build.0 = Debug|x64
		{73F5F3C6-6FB1-4245-B8C7-EA124A0BAD57}.Debug|x86.ActiveCfg = Debug|Win32
		{73F5F3C6-6FB1-4245-B8C7-EA124A0BAD57}.Debug|x86.Build.0 = Debug|Win32
		{73F5F3C6-6FB1-4245-B8C7-EA124A0BAD57}.Release|x64.ActiveCfg = Release|x64
		{73F5F3C6-6FB1-4245-B8C7-EA124A0BAD57}.Release|x64.Build.0 = Release|x64
		{73F5F3C6-6FB1-4245-B8C7-EA124A0BAD57}.Release|x86.ActiveCfg = Release|Win32
		{73F5F3C6-6FB1-4245-B8C7-EA124A0BAD57}.Release|x86.Build.0 = Release|Win32
		{00AF7156-F420-43A5-BFAF-17435DF5962A}.Debug|x64.ActiveCfg = Debug|x64
		{00AF7156-F420-43A5-BFAF-17435DF5962A}.Debug|x64.Build.0 = Debug|x64
		{00AF7156-F420-43A5-BFAF-17435DF5962A}.Debug|x86.ActiveCfg = Debug|Win32
		{00AF7156-F420-43A5-BFAF-17435DF5962A}.Debug|x86.Build.0 = Debug|Win32
		{00AF7156-F420-43A5-BFAF-17435DF5962A}.Release|x64.ActiveCfg = Release|x64
		{00AF7156-F420-43A5-BFAF-17435DF5962A}.Release|x64.Build.0 = Release|x64
		{00AF7156-F420-43A5-BFAF-17435DF5962A}.Release|x86.ActiveCfg = Release|Win32
		{00AF7156-F420-43A5-BFAF-17435DF5962A}.Release|x86.Build.0 = Release|Win32
		{4E705EAF-F813-4DBE-A258-F2B2FB3FC042}.Debug|x64.ActiveCfg = Debug|x64
		{4E705EAF-F813-4DBE-A258-F2B2FB3FC042}.Debug|x64.Build.0 = Debug|x64
		{4E705EAF-F813-4DBE-A258-F2B2FB3FC042}.Debug|x86.ActiveCfg = Debug|Win32
		{4E705EAF-F813-4DBE-A258-F2B2FB3FC042}.Debug|x86.Build.0 = Debug|Win32
		{4E705EAF-F813-4DBE-A258-F2B2FB3FC042}.Release|x64.ActiveCfg = Release|x64
		{4E705EAF-F813-4DBE-A258-F2B2FB3FC042}.Release|x64.Build.0 = Release|x64
		{4E705EAF-F813-4DBE-A258-F2B2FB3FC042}.Release|x86.ActiveCfg = Release|Win32
		{4E705EAF-F813-4DBE-A258-F2B2FB3FC042}.Release|x86.Build.0 = Release|Win32
		{2EB55F3A-4142-4D7B-959D-FD6CE2C20E65}.Debug|x64.ActiveCfg = Debug|x64
		{2EB55F3A-4142-4D7B-959D-FD6CE2C20E65}.Debug|x64.Build.0 = Debug|x64
		{2EB55F3A-4142-4D7B-959D-FD6CE2C20E65}.Debug|x86.ActiveCfg = Debug|Win32
		{2EB55F3A-4142-4D7B-959D-FD6CE2C20E65}.Debug|x86.Build.0 = Debug|Win32
		{2EB55F3A-4142-4D7B-959D-FD6CE2C20E65}.Release|x64.ActiveCfg = Release|x64
		{2EB55F3A-4142-4D7B-959D-FD6CE2C20E65}.Release|x64.Build.0 = Release|x64
		{2EB55F3A-4142-4D7B-959D-FD6CE2C20E65}.Release|x86.ActiveCfg = Release|Win32
		{2EB55F3A-4142-4D7B-959D-FD6CE2C20E65}.Release|x86.Build.0 = Release|Win32
		{99601E34-60FC-4C14-B6A5-6D19515B91C1}.Debug|x64.ActiveCfg = Debug|x64
		{99601E34-60FC-4C14-B6A5-6D19515B91C1}.Debug|x64.Build.0 = Debug|x64
		{99601E34-60FC-4C14-B6A5-6D19515B91C1}.Debug|x86.ActiveCfg = Debug|Win32
		{99601E34-60FC-4C14-B6A5-6D19515B91C1}.Debug|x86.Build.0 = Debug|Win32
		{99601E34-60FC-4C14-B6A5-6D19515B91C1}.Release|x64.ActiveCfg = Release|x64
		{99601E34-60FC-4C14-B6A5-6D19515B91C1}.Release|x64.Build.0 = Release|x64
		{99601E34-60FC-4C14-B6A5-6D19515B91C1}.Release|x86.ActiveCfg = Release|Win32
		{99601E34-60FC-4C14-B6A5-6D19515B91C1}.Release|x86.Build.0 = Release|Win32
		{1CFAD71D-0934-48C2-BCF6-18B06EEF016B}.Debug|x64.ActiveCfg = Debug|x64
		{1CFAD71D-0934-48C2-BCF6-18B06EEF016B}.Debug|x64.Build.0 = Debug|x64
		{1CFAD71D-0934-48C2-BCF6-18B06EEF016B}.Debug|x86.ActiveCfg = Debug|Win32
		{1CFAD71D-0934-48C2-BCF6-18B06EEF016B}.Debug|x86.Build.0 = Debug|Win32
		{1CFAD71D-0934-48C2-BCF6-18B06EEF016B}.Release|x64.ActiveCfg = Release|x64
		{1CFAD71D-0934-48C2-BCF6-18B06EEF016B}.Release|x64.Build.0 = Release|x64
		{1CFAD71D-0934-48C2-BCF6-18B06EEF016B}.Release|x86.ActiveCfg = Release|Win32
		{1CFAD71D-0934-48C2-BCF6-18B06EEF016B}.Release|x86.Build.0 = Release|Win32
		{36A7670A-9E0B-42CB-8C3E-F18EACB35564}.Debug|x64.ActiveCfg = Debug|x64
		{36A7670A-9E0B-42CB-8C3E-F18EACB35564}.Debug|x64.Build.0 = Debug|x64
		{36A7670A-9E0B-42CB-8C3E-F18EACB35564}.Debug|x86.ActiveCfg = Debug|Win32
		{36A7670A-9E0B-42CB-8C3E-F18EACB35564}.Debug|x86.Build.0 = Debug|Win32
		{36A7670A-9E0B-42CB-8C3E-F18EACB35564}.Release|x64.ActiveCfg = Release|x64
		{36A7670A-9E0B-42CB-8C3E-F18EACB35564}.Release|x64.Build.0 = Release|x64
		{36A7670A-9E0B-42CB-8C3E-F18EACB35564}.Release|x86.ActiveCfg = Release|Win32
		{36A7670A-9E0B-42CB-8C3E-F18EACB35564}.Release|x86.Build.0 = Release|Win32
	EndGlobalSection
	GlobalSection(SolutionProperties) = preSolution
		HideSolutionNode = FALSE
	EndGlobalSection
	GlobalSection(NestedProjects) = preSolution
		{DB0E9B50-0FFF-41B2-A05E-C204E4C91E58} = {D30E19E4-BD0F-46C0-9059-A5FF09C5AF0B}
		{BFC87705-6FE8-4A82-A214-E4D776A2A6B2} = {D30E19E4-BD0F-46C0-9059-A5FF09C5AF0B}
		{32ACA4D5-70A5-4AA2-8FE7-FA6A946780DC} = {D30E19E4-BD0F-46C0-9059-A5FF09C5AF0B}
		{B0ACC1EC-85A2-4C5B-80A1-BDC7EA369C09} = {D30E19E4-BD0F-46C0-9059-A5FF09C5AF0B}
		{F9BFAE64-C251-4949-B97E-4790CEF5DD45} = {D30E19E4-BD0F-46C0-9059-A5FF09C5AF0B}
		{5E731F8F-83C8-480C-A968-AFEE423D1806} = {BA5916F9-60C7-4B9C-8FCB-7B8CCF0F943E}
		{130EE221-61B0-480C-8340-8706B17F4C10} = {BA5916F9-60C7-4B9C-8FCB-7B8CCF0F943E}
		{BE9793D8-2EAE-4C62-B907-909091EB11CB} = {BA5916F9-60C7-4B9C-8FCB-7B8CCF0F943E}
		{1924436C-6900-44B1-8638-1123F025C021} = {BA5916F9-60C7-4B9C-8FCB-7B8CCF0F943E}
		{180D0FE3-C4FA-408A-A119-E1A4CEDDE68E} = {655E2A47-218C-45CE-9555-129FB7428578}
		{09E02D92-6CA4-48F5-B3E2-6D9D4E937830} = {655E2A47-218C-45CE-9555-129FB7428578}
		{AA780463-ABB6-4172-B61E-AE0C89C17C2F} = {655E2A47-218C-45CE-9555-129FB7428578}
		{D4F4E78F-BA9F-4860-8C34-1CDEA00693F1} = {655E2A47-218C-45CE-9555-129FB7428578}
		{F7132998-86E6-4504-BCD7-3513C36772E5} = {51461980-26BE-4294-8810-D0951688AC72}
		{F6BA4BE2-5951-4D76-9E8C-1009E64CF9C3} = {51461980-26BE-4294-8810-D0951688AC72}
		{73F5F3C6-6FB1-4245-B8C7-EA124A0BAD57} = {51461980-26BE-4294-8810-D0951688AC72}
		{00AF7156-F420-43A5-BFAF-17435DF5962A} = {51461980-26BE-4294-8810-D0951688AC72}
		{4E705EAF-F813-4DBE-A258-F2B2FB3FC042} = {51461980-26BE-4294-8810-D0951688AC72}
		{2EB55F3A-4142-4D7B-959D-FD6CE2C20E65} = {51461980-26BE-4294-8810-D0951688AC72}
		{99601E34-60FC-4C14-B6A5-6D19515B91C1} = {51461980-26BE-4294-8810-D0951688AC72}
		{1CFAD71D-0934-48C2-BCF6-18B06EEF016B} = {51461980-26BE-4294-8810-D0951688AC72}
		{36A7670A-9E0B-42CB-8C3E-F18EACB35564} = {92DE46DD-748F-49C3-AF36-3D827C65915E}
	EndGlobalSection
	GlobalSection(ExtensibilityGlobals) = postSolution
		SolutionGuid = {D228D170-9A3D-4C20-B332-F87A5F4E3D98}
	EndGlobalSection
EndGlobal
