
Microsoft Visual Studio Solution File, Format Version 12.00
# Visual Studio Version 16
VisualStudioVersion = 16.0.28803.202
MinimumVisualStudioVersion = 10.0.40219.1
Project("{2150E333-8FDC-42A3-9474-1A3956D46DE8}") = "NewFolder1", "NewFolder1", "{A7AC78E2-298C-406C-90A1-B10517781387}"
	ProjectSection(SolutionItems) = preProject
		..\basic_template.c = ..\basic_template.c
	EndProjectSection
EndProject
Project("{8BC9CEB8-8B4A-11D0-8D11-00A0C91BC942}") = "11-1_2", "11-2\11-2.vcxproj", "{DB0E9B50-0FFF-41B2-A05E-C204E4C91E58}"
EndProject
Project("{8BC9CEB8-8B4A-11D0-8D11-00A0C91BC942}") = "11-2_1", "11-2_1\11-2_1.vcxproj", "{BFC87705-6FE8-4A82-A214-E4D776A2A6B2}"
EndProject
Project("{8BC9CEB8-8B4A-11D0-8D11-00A0C91BC942}") = "11-2_2", "11-2_3\11-2_3.vcxproj", "{32ACA4D5-70A5-4AA2-8FE7-FA6A946780DC}"
EndProject
Project("{8BC9CEB8-8B4A-11D0-8D11-00A0C91BC942}") = "11-2_3", "11-2__3\11-2__3.vcxproj", "{B0ACC1EC-85A2-4C5B-80A1-BDC7EA369C09}"
EndProject
Project("{8BC9CEB8-8B4A-11D0-8D11-00A0C91BC942}") = "11-1_1", "11-1_1_1\11-1_1_1.vcxproj", "{F9BFAE64-C251-4949-B97E-4790CEF5DD45}"
EndProject
Project("{2150E333-8FDC-42A3-9474-1A3956D46DE8}") = "160 array", "160 array", "{D30E19E4-BD0F-46C0-9059-A5FF09C5AF0B}"
EndProject
Global
	GlobalSection(SolutionConfigurationPlatforms) = preSolution
		Debug|x64 = Debug|x64
		Debug|x86 = Debug|x86
		Release|x64 = Release|x64
		Release|x86 = Release|x86
	EndGlobalSection
	GlobalSection(ProjectConfigurationPlatforms) = postSolution
		{DB0E9B50-0FFF-41B2-A05E-C204E4C91E58}.Debug|x64.ActiveCfg = Debug|x64
		{DB0E9B50-0FFF-41B2-A05E-C204E4C91E58}.Debug|x64.Build.0 = Debug|x64
		{DB0E9B50-0FFF-41B2-A05E-C204E4C91E58}.Debug|x86.ActiveCfg = Debug|Win32
		{DB0E9B50-0FFF-41B2-A05E-C204E4C91E58}.Debug|x86.Build.0 = Debug|Win32
		{DB0E9B50-0FFF-41B2-A05E-C204E4C91E58}.Release|x64.ActiveCfg = Release|x64
		{DB0E9B50-0FFF-41B2-A05E-C204E4C91E58}.Release|x64.Build.0 = Release|x64
		{DB0E9B50-0FFF-41B2-A05E-C204E4C91E58}.Release|x86.ActiveCfg = Release|Win32
		{DB0E9B50-0FFF-41B2-A05E-C204E4C91E58}.Release|x86.Build.0 = Release|Win32
		{BFC87705-6FE8-4A82-A214-E4D776A2A6B2}.Debug|x64.ActiveCfg = Debug|x64
		{BFC87705-6FE8-4A82-A214-E4D776A2A6B2}.Debug|x64.Build.0 = Debug|x64
		{BFC87705-6FE8-4A82-A214-E4D776A2A6B2}.Debug|x86.ActiveCfg = Debug|Win32
		{BFC87705-6FE8-4A82-A214-E4D776A2A6B2}.Debug|x86.Build.0 = Debug|Win32
		{BFC87705-6FE8-4A82-A214-E4D776A2A6B2}.Release|x64.ActiveCfg = Release|x64
		{BFC87705-6FE8-4A82-A214-E4D776A2A6B2}.Release|x64.Build.0 = Release|x64
		{BFC87705-6FE8-4A82-A214-E4D776A2A6B2}.Release|x86.ActiveCfg = Release|Win32
		{BFC87705-6FE8-4A82-A214-E4D776A2A6B2}.Release|x86.Build.0 = Release|Win32
		{32ACA4D5-70A5-4AA2-8FE7-FA6A946780DC}.Debug|x64.ActiveCfg = Debug|x64
		{32ACA4D5-70A5-4AA2-8FE7-FA6A946780DC}.Debug|x64.Build.0 = Debug|x64
		{32ACA4D5-70A5-4AA2-8FE7-FA6A946780DC}.Debug|x86.ActiveCfg = Debug|Win32
		{32ACA4D5-70A5-4AA2-8FE7-FA6A946780DC}.Debug|x86.Build.0 = Debug|Win32
		{32ACA4D5-70A5-4AA2-8FE7-FA6A946780DC}.Release|x64.ActiveCfg = Release|x64
		{32ACA4D5-70A5-4AA2-8FE7-FA6A946780DC}.Release|x64.Build.0 = Release|x64
		{32ACA4D5-70A5-4AA2-8FE7-FA6A946780DC}.Release|x86.ActiveCfg = Release|Win32
		{32ACA4D5-70A5-4AA2-8FE7-FA6A946780DC}.Release|x86.Build.0 = Release|Win32
		{B0ACC1EC-85A2-4C5B-80A1-BDC7EA369C09}.Debug|x64.ActiveCfg = Debug|x64
		{B0ACC1EC-85A2-4C5B-80A1-BDC7EA369C09}.Debug|x64.Build.0 = Debug|x64
		{B0ACC1EC-85A2-4C5B-80A1-BDC7EA369C09}.Debug|x86.ActiveCfg = Debug|Win32
		{B0ACC1EC-85A2-4C5B-80A1-BDC7EA369C09}.Debug|x86.Build.0 = Debug|Win32
		{B0ACC1EC-85A2-4C5B-80A1-BDC7EA369C09}.Release|x64.ActiveCfg = Release|x64
		{B0ACC1EC-85A2-4C5B-80A1-BDC7EA369C09}.Release|x64.Build.0 = Release|x64
		{B0ACC1EC-85A2-4C5B-80A1-BDC7EA369C09}.Release|x86.ActiveCfg = Release|Win32
		{B0ACC1EC-85A2-4C5B-80A1-BDC7EA369C09}.Release|x86.Build.0 = Release|Win32
		{F9BFAE64-C251-4949-B97E-4790CEF5DD45}.Debug|x64.ActiveCfg = Debug|x64
		{F9BFAE64-C251-4949-B97E-4790CEF5DD45}.Debug|x64.Build.0 = Debug|x64
		{F9BFAE64-C251-4949-B97E-4790CEF5DD45}.Debug|x86.ActiveCfg = Debug|Win32
		{F9BFAE64-C251-4949-B97E-4790CEF5DD45}.Debug|x86.Build.0 = Debug|Win32
		{F9BFAE64-C251-4949-B97E-4790CEF5DD45}.Release|x64.ActiveCfg = Release|x64
		{F9BFAE64-C251-4949-B97E-4790CEF5DD45}.Release|x64.Build.0 = Release|x64
		{F9BFAE64-C251-4949-B97E-4790CEF5DD45}.Release|x86.ActiveCfg = Release|Win32
		{F9BFAE64-C251-4949-B97E-4790CEF5DD45}.Release|x86.Build.0 = Release|Win32
	EndGlobalSection
	GlobalSection(SolutionProperties) = preSolution
		HideSolutionNode = FALSE
	EndGlobalSection
	GlobalSection(NestedProjects) = preSolution
		{DB0E9B50-0FFF-41B2-A05E-C204E4C91E58} = {D30E19E4-BD0F-46C0-9059-A5FF09C5AF0B}
		{BFC87705-6FE8-4A82-A214-E4D776A2A6B2} = {D30E19E4-BD0F-46C0-9059-A5FF09C5AF0B}
		{32ACA4D5-70A5-4AA2-8FE7-FA6A946780DC} = {D30E19E4-BD0F-46C0-9059-A5FF09C5AF0B}
		{B0ACC1EC-85A2-4C5B-80A1-BDC7EA369C09} = {D30E19E4-BD0F-46C0-9059-A5FF09C5AF0B}
		{F9BFAE64-C251-4949-B97E-4790CEF5DD45} = {D30E19E4-BD0F-46C0-9059-A5FF09C5AF0B}
	EndGlobalSection
	GlobalSection(ExtensibilityGlobals) = postSolution
		SolutionGuid = {D228D170-9A3D-4C20-B332-F87A5F4E3D98}
	EndGlobalSection
EndGlobal
